PODS:
  - AppAuth (0.94.0)
  - BigInt (3.1.0):
    - SipHash (~> 1.2)
  - Bitski (0.5.0):
    - AppAuth (~> 0.93)
    - BigInt (~> 3.1)
    - PromiseKit/CorePromise (~> 6.0)
    - secp256k1.swift (~> 0.1)
    - Web3 (~> 0.3.1)
    - Web3/ContractABI (~> 0.3.1)
    - Web3/PromiseKit (~> 0.3.1)
  - boost-for-react-native (1.63.0)
  - CryptoSwift (0.15.0)
  - DoubleConversion (1.1.6)
  - EthereumABI (1.1.1):
    - BigInt (~> 3.1)
    - CryptoSwift (~> 0.13)
    - EthereumAddress (~> 1.0.0)
  - EthereumAddress (1.0.0):
    - CryptoSwift (~> 0.13)
  - Folly (2018.10.22.00):
    - boost-for-react-native
    - DoubleConversion
    - Folly/Default (= 2018.10.22.00)
    - glog
  - Folly/Default (2018.10.22.00):
    - boost-for-react-native
    - DoubleConversion
    - glog
  - glog (0.3.5)
  - PromiseKit (6.4.1):
    - PromiseKit/CorePromise (= 6.4.1)
    - PromiseKit/Foundation (= 6.4.1)
    - PromiseKit/UIKit (= 6.4.1)
  - PromiseKit/CorePromise (6.4.1)
  - PromiseKit/Foundation (6.4.1):
    - PromiseKit/CorePromise
  - PromiseKit/UIKit (6.4.1):
    - PromiseKit/CorePromise
  - RCTRestart (0.0.13):
    - React
  - React (0.60.5):
    - React-Core (= 0.60.5)
    - React-DevSupport (= 0.60.5)
    - React-RCTActionSheet (= 0.60.5)
    - React-RCTAnimation (= 0.60.5)
    - React-RCTBlob (= 0.60.5)
    - React-RCTImage (= 0.60.5)
    - React-RCTLinking (= 0.60.5)
    - React-RCTNetwork (= 0.60.5)
    - React-RCTSettings (= 0.60.5)
    - React-RCTText (= 0.60.5)
    - React-RCTVibration (= 0.60.5)
    - React-RCTWebSocket (= 0.60.5)
  - React-Core (0.60.5):
    - Folly (= 2018.10.22.00)
    - React-cxxreact (= 0.60.5)
    - React-jsiexecutor (= 0.60.5)
    - yoga (= 0.60.5.React)
  - React-cxxreact (0.60.5):
    - boost-for-react-native (= 1.63.0)
    - DoubleConversion
    - Folly (= 2018.10.22.00)
    - glog
    - React-jsinspector (= 0.60.5)
  - React-DevSupport (0.60.5):
    - React-Core (= 0.60.5)
    - React-RCTWebSocket (= 0.60.5)
  - React-jsi (0.60.5):
    - boost-for-react-native (= 1.63.0)
    - DoubleConversion
    - Folly (= 2018.10.22.00)
    - glog
    - React-jsi/Default (= 0.60.5)
  - React-jsi/Default (0.60.5):
    - boost-for-react-native (= 1.63.0)
    - DoubleConversion
    - Folly (= 2018.10.22.00)
    - glog
  - React-jsiexecutor (0.60.5):
    - DoubleConversion
    - Folly (= 2018.10.22.00)
    - glog
    - React-cxxreact (= 0.60.5)
    - React-jsi (= 0.60.5)
  - React-jsinspector (0.60.5)
  - react-native-background-timer (2.1.1):
    - React
  - react-native-randombytes (3.5.1):
    - React
  - react-native-slider (2.0.0):
    - React
  - React-RCTActionSheet (0.60.5):
    - React-Core (= 0.60.5)
  - React-RCTAnimation (0.60.5):
    - React-Core (= 0.60.5)
  - React-RCTBlob (0.60.5):
    - React-Core (= 0.60.5)
    - React-RCTNetwork (= 0.60.5)
    - React-RCTWebSocket (= 0.60.5)
  - React-RCTImage (0.60.5):
    - React-Core (= 0.60.5)
    - React-RCTNetwork (= 0.60.5)
  - React-RCTLinking (0.60.5):
    - React-Core (= 0.60.5)
  - React-RCTNetwork (0.60.5):
    - React-Core (= 0.60.5)
  - React-RCTSettings (0.60.5):
    - React-Core (= 0.60.5)
  - React-RCTText (0.60.5):
    - React-Core (= 0.60.5)
  - React-RCTVibration (0.60.5):
    - React-Core (= 0.60.5)
  - React-RCTWebSocket (0.60.5):
    - React-Core (= 0.60.5)
  - ReactNativeExceptionHandler (2.3.0):
    - React
  - ReactNativeNavigation (3.2.0):
    - React
  - RNAppAuth (1.0.0):
    - AppAuth (= 0.94.0)
    - React
  - RNVectorIcons (6.6.0):
    - React
  - secp256k1.swift (0.1.4)
  - secp256k1_swift (1.0.3)
  - SipHash (1.2.2)
  - Starscream (3.1.0)
  - SwiftRLP (1.1):
    - BigInt (~> 3.1)
  - Web3 (0.3.1):
    - Web3/Core (= 0.3.1)
    - Web3/HTTPExtension (= 0.3.1)
  - Web3/ContractABI (0.3.1):
    - Web3/Core
  - Web3/Core (0.3.1):
    - BigInt (~> 3.1)
    - CryptoSwift (~> 0.8)
    - secp256k1.swift (~> 0.1)
  - Web3/HTTPExtension (0.3.1):
    - Web3/Core
  - Web3/PromiseKit (0.3.1):
    - PromiseKit/CorePromise (~> 6.0)
    - Web3/Core
  - web3swift (2.1.3):
    - BigInt (= 3.1)
    - CryptoSwift (= 0.15.0)
    - EthereumABI (= 1.1.1)
    - EthereumAddress (= 1.0.0)
    - PromiseKit (= 6.4.1)
    - secp256k1_swift (= 1.0.3)
    - Starscream (= 3.1.0)
    - SwiftRLP (= 1.1)
  - yoga (0.60.5.React)

DEPENDENCIES:
  - AppAuth (= 0.94)
  - Bitski (from `./Bitski.podspec.json`)
  - DoubleConversion (from `../node_modules/react-native/third-party-podspecs/DoubleConversion.podspec`)
  - Folly (from `../node_modules/react-native/third-party-podspecs/Folly.podspec`)
  - glog (from `../node_modules/react-native/third-party-podspecs/glog.podspec`)
  - RCTRestart (from `../node_modules/react-native-restart/ios`)
  - React (from `../node_modules/react-native/`)
  - React-Core (from `../node_modules/react-native/React`)
  - React-cxxreact (from `../node_modules/react-native/ReactCommon/cxxreact`)
  - React-DevSupport (from `../node_modules/react-native/React`)
  - React-jsi (from `../node_modules/react-native/ReactCommon/jsi`)
  - React-jsiexecutor (from `../node_modules/react-native/ReactCommon/jsiexecutor`)
  - React-jsinspector (from `../node_modules/react-native/ReactCommon/jsinspector`)
  - react-native-background-timer (from `../node_modules/react-native-background-timer`)
  - react-native-randombytes (from `../node_modules/react-native-randombytes`)
  - "react-native-slider (from `../node_modules/@react-native-community/slider`)"
  - React-RCTActionSheet (from `../node_modules/react-native/Libraries/ActionSheetIOS`)
  - React-RCTAnimation (from `../node_modules/react-native/Libraries/NativeAnimation`)
  - React-RCTBlob (from `../node_modules/react-native/Libraries/Blob`)
  - React-RCTImage (from `../node_modules/react-native/Libraries/Image`)
  - React-RCTLinking (from `../node_modules/react-native/Libraries/LinkingIOS`)
  - React-RCTNetwork (from `../node_modules/react-native/Libraries/Network`)
  - React-RCTSettings (from `../node_modules/react-native/Libraries/Settings`)
  - React-RCTText (from `../node_modules/react-native/Libraries/Text`)
  - React-RCTVibration (from `../node_modules/react-native/Libraries/Vibration`)
  - React-RCTWebSocket (from `../node_modules/react-native/Libraries/WebSocket`)
  - ReactNativeExceptionHandler (from `../node_modules/react-native-exception-handler/ios`)
  - ReactNativeNavigation (from `../node_modules/react-native-navigation/ReactNativeNavigation.podspec`)
  - RNAppAuth (from `../node_modules/react-native-app-auth/ios`)
  - RNVectorIcons (from `../node_modules/react-native-vector-icons`)
  - secp256k1.swift (~> 0.1)
  - Web3 (from `./Web3.podspec.json`)
  - web3swift (= 2.1.3)
  - yoga (from `../node_modules/react-native/ReactCommon/yoga`)

SPEC REPOS:
  https://github.com/cocoapods/specs.git:
    - AppAuth
    - BigInt
    - boost-for-react-native
    - CryptoSwift
    - EthereumABI
    - EthereumAddress
    - PromiseKit
    - secp256k1.swift
    - secp256k1_swift
    - SipHash
    - Starscream
    - SwiftRLP
    - web3swift

EXTERNAL SOURCES:
  Bitski:
    :podspec: "./Bitski.podspec.json"
  DoubleConversion:
    :podspec: "../node_modules/react-native/third-party-podspecs/DoubleConversion.podspec"
  Folly:
    :podspec: "../node_modules/react-native/third-party-podspecs/Folly.podspec"
  glog:
    :podspec: "../node_modules/react-native/third-party-podspecs/glog.podspec"
  RCTRestart:
    :path: "../node_modules/react-native-restart/ios"
  React:
    :path: "../node_modules/react-native/"
  React-Core:
    :path: "../node_modules/react-native/React"
  React-cxxreact:
    :path: "../node_modules/react-native/ReactCommon/cxxreact"
  React-DevSupport:
    :path: "../node_modules/react-native/React"
  React-jsi:
    :path: "../node_modules/react-native/ReactCommon/jsi"
  React-jsiexecutor:
    :path: "../node_modules/react-native/ReactCommon/jsiexecutor"
  React-jsinspector:
    :path: "../node_modules/react-native/ReactCommon/jsinspector"
  react-native-background-timer:
    :path: "../node_modules/react-native-background-timer"
  react-native-randombytes:
    :path: "../node_modules/react-native-randombytes"
  react-native-slider:
    :path: "../node_modules/@react-native-community/slider"
  React-RCTActionSheet:
    :path: "../node_modules/react-native/Libraries/ActionSheetIOS"
  React-RCTAnimation:
    :path: "../node_modules/react-native/Libraries/NativeAnimation"
  React-RCTBlob:
    :path: "../node_modules/react-native/Libraries/Blob"
  React-RCTImage:
    :path: "../node_modules/react-native/Libraries/Image"
  React-RCTLinking:
    :path: "../node_modules/react-native/Libraries/LinkingIOS"
  React-RCTNetwork:
    :path: "../node_modules/react-native/Libraries/Network"
  React-RCTSettings:
    :path: "../node_modules/react-native/Libraries/Settings"
  React-RCTText:
    :path: "../node_modules/react-native/Libraries/Text"
  React-RCTVibration:
    :path: "../node_modules/react-native/Libraries/Vibration"
  React-RCTWebSocket:
    :path: "../node_modules/react-native/Libraries/WebSocket"
  ReactNativeExceptionHandler:
    :path: "../node_modules/react-native-exception-handler/ios"
  ReactNativeNavigation:
    :podspec: "../node_modules/react-native-navigation/ReactNativeNavigation.podspec"
  RNAppAuth:
    :path: "../node_modules/react-native-app-auth/ios"
  RNVectorIcons:
    :path: "../node_modules/react-native-vector-icons"
  Web3:
    :podspec: "./Web3.podspec.json"
  yoga:
    :path: "../node_modules/react-native/ReactCommon/yoga"

SPEC CHECKSUMS:
  AppAuth: 0f099c2286a1a9754e5bd27211c43d307dc4f778
  BigInt: 76b5dfdfa3e2e478d4ffdf161aeede5502e2742f
  Bitski: 6471062ea5aaca187c5dd4ef4f2a620c0fa2983a
  boost-for-react-native: 39c7adb57c4e60d6c5479dd8623128eb5b3f0f2c
  CryptoSwift: 769f58a9e89f64e8796c2e59ce5f002dc81a2438
  DoubleConversion: 5805e889d232975c086db112ece9ed034df7a0b2
  EthereumABI: f040f5429e5a4366d028c88b88d9441e137593af
  EthereumAddress: f476e1320dca3a0024431e713ede7a09c7eb7796
  Folly: 30e7936e1c45c08d884aa59369ed951a8e68cf51
  glog: 1f3da668190260b06b429bb211bfbee5cd790c28
  PromiseKit: 4c76a6506638034e3d7bede97b2ff7743f7bd2dc
  RCTRestart: e8e3868a71dbec2cf8055fc2c0635db23c8c4479
  React: 53c53c4d99097af47cf60594b8706b4e3321e722
  React-Core: ba421f6b4f4cbe2fb17c0b6fc675f87622e78a64
  React-cxxreact: 8384287780c4999351ad9b6e7a149d9ed10a2395
  React-DevSupport: 197fb409737cff2c4f9986e77c220d7452cb9f9f
  React-jsi: 4d8c9efb6312a9725b18d6fc818ffc103f60fec2
  React-jsiexecutor: 90ad2f9db09513fc763bc757fdc3c4ff8bde2a30
  React-jsinspector: e08662d1bf5b129a3d556eb9ea343a3f40353ae4
  react-native-background-timer: 0d34748e53a972507c66963490c775321a88f6f2
  react-native-randombytes: f7c6196400f37995e96f628cd8cdc9e95356036b
  react-native-slider: 27bcb456301032f9c7ea077a12d781765b5d6c3a
  React-RCTActionSheet: b0f1ea83f4bf75fb966eae9bfc47b78c8d3efd90
  React-RCTAnimation: 359ba1b5690b1e87cc173558a78e82d35919333e
  React-RCTBlob: 5e2b55f76e9a1c7ae52b826923502ddc3238df24
  React-RCTImage: f5f1c50922164e89bdda67bcd0153952a5cfe719
  React-RCTLinking: d0ecbd791e9ddddc41fa1f66b0255de90e8ee1e9
  React-RCTNetwork: e26946300b0ab7bb6c4a6348090e93fa21f33a9d
  React-RCTSettings: d0d37cb521b7470c998595a44f05847777cc3f42
  React-RCTText: b074d89033583d4f2eb5faf7ea2db3a13c7553a2
  React-RCTVibration: 2105b2e0e2b66a6408fc69a46c8a7fb5b2fdade0
  React-RCTWebSocket: cd932a16b7214898b6b7f788c8bddb3637246ac4
  ReactNativeExceptionHandler: 040b33d72849a0aa862d1dcb54008ccef77a935e
  ReactNativeNavigation: aad255980f20cc5d2001ed37972319f3789fea70
  RNAppAuth: eac16a338ed1117d8b7729b36de3b1a58b5e96f2
  RNVectorIcons: 0bb4def82230be1333ddaeee9fcba45f0b288ed4
  secp256k1.swift: a7e7a214f6db6ce5db32cc6b2b45e5c4dd633634
  secp256k1_swift: 4fc5c4b2d2c6d21ee8ccb868cdc92da12f38bed9
  SipHash: fad90a4683e420c52ef28063063dbbce248ea6d4
  Starscream: 08172b481e145289c4930cb567230fb55897cfa4
  SwiftRLP: 5512899925f1a9e1c78c902ed3bf857880e814a0
  Web3: e426771a8960f07349a6deb484ae51583c105901
  web3swift: 23cc365dd3b28e9b990813965af4bd031e108f64
  yoga: 312528f5bbbba37b4dcea5ef00e8b4033fdd9411

PODFILE CHECKSUM: c07a07ca3ae7e047f5d06bfff619d73c8634acdc

COCOAPODS: 1.7.5
